
Microsoft Visual Studio Solution File, Format Version 12.00
# Visual Studio 14
VisualStudioVersion = 14.0.25420.1
MinimumVisualStudioVersion = 10.0.40219.1
Project("{2150E333-8FDC-42A3-9474-1A3956D46DE8}") = "0 - Presentation", "0 - Presentation", "{7CE1EB3F-B1A8-4A1D-89B8-1B16C1DA6127}"
EndProject
Project("{2150E333-8FDC-42A3-9474-1A3956D46DE8}") = "1 - Application", "1 - Application", "{6C958D6A-6804-4E75-BDEA-31EAE9F13544}"
EndProject
Project("{2150E333-8FDC-42A3-9474-1A3956D46DE8}") = "2 - Services", "2 - Services", "{7188CA78-DAB1-4C43-96EC-73147718A53E}"
EndProject
Project("{2150E333-8FDC-42A3-9474-1A3956D46DE8}") = "3 - Domain", "3 - Domain", "{9C006259-208D-40D9-982B-A3C14491416C}"
EndProject
Project("{2150E333-8FDC-42A3-9474-1A3956D46DE8}") = "4 - Infra", "4 - Infra", "{4A869EDE-9547-4684-AB3A-52376AB5EB4C}"
EndProject
Project("{2150E333-8FDC-42A3-9474-1A3956D46DE8}") = "4.1 - Data", "4.1 - Data", "{5EB9636D-2E25-4A41-9CF2-D69F69A403C1}"
EndProject
Project("{2150E333-8FDC-42A3-9474-1A3956D46DE8}") = "4.2 - CrossCuting", "4.2 - CrossCuting", "{32D3A62B-40CA-4F77-BC88-317B022F1167}"
EndProject
Project("{2150E333-8FDC-42A3-9474-1A3956D46DE8}") = "4.3 - Identity", "4.3 - Identity", "{D46E2206-D6FD-441C-8BBC-369F139DE410}"
EndProject
Project("{FAE04EC0-301F-11D3-BF4B-00C04F79EFBC}") = "EuCorro.Domain", "Eucorro.Domain\EuCorro.Domain.csproj", "{8E79E4F4-30AC-43C9-ABFF-56691F62190D}"
EndProject
Project("{FAE04EC0-301F-11D3-BF4B-00C04F79EFBC}") = "EuCorro.Data", "EuCorro.Data\EuCorro.Data.csproj", "{8CC26449-90BC-48A8-BB23-89DC6FE2757F}"
EndProject
Project("{FAE04EC0-301F-11D3-BF4B-00C04F79EFBC}") = "EuCorro.CrossCuting.IoC", "EuCorro.CrossCuting.IoC\EuCorro.CrossCuting.IoC.csproj", "{264A7AA8-3022-4FF4-9CA8-14C4CF8A3702}"
EndProject
Project("{FAE04EC0-301F-11D3-BF4B-00C04F79EFBC}") = "EuCorro.Security", "EuCorro.Security\EuCorro.Security.csproj", "{257E8879-6C85-4178-AB4F-6853FE845322}"
EndProject
Project("{FAE04EC0-301F-11D3-BF4B-00C04F79EFBC}") = "EuCorro.Service", "EuCorro.Service\EuCorro.Service.csproj", "{8946BFB5-43BC-4440-A833-10D46376D00C}"
EndProject
Project("{FAE04EC0-301F-11D3-BF4B-00C04F79EFBC}") = "EuCorro.App", "EuCorro.App\EuCorro.App.csproj", "{95268B50-D722-499F-A91B-E78267825AF1}"
EndProject
Project("{FAE04EC0-301F-11D3-BF4B-00C04F79EFBC}") = "EuCorro.MVC.Site", "EuCorro.MVC.Site\EuCorro.MVC.Site.csproj", "{08D5143F-29A9-43D6-B35A-9F3DE0F07B24}"
EndProject
Global
	GlobalSection(SolutionConfigurationPlatforms) = preSolution
		Debug|Any CPU = Debug|Any CPU
		Release|Any CPU = Release|Any CPU
	EndGlobalSection
	GlobalSection(ProjectConfigurationPlatforms) = postSolution
		{8E79E4F4-30AC-43C9-ABFF-56691F62190D}.Debug|Any CPU.ActiveCfg = Debug|Any CPU
		{8E79E4F4-30AC-43C9-ABFF-56691F62190D}.Debug|Any CPU.Build.0 = Debug|Any CPU
		{8E79E4F4-30AC-43C9-ABFF-56691F62190D}.Release|Any CPU.ActiveCfg = Release|Any CPU
		{8E79E4F4-30AC-43C9-ABFF-56691F62190D}.Release|Any CPU.Build.0 = Release|Any CPU
		{8CC26449-90BC-48A8-BB23-89DC6FE2757F}.Debug|Any CPU.ActiveCfg = Debug|Any CPU
		{8CC26449-90BC-48A8-BB23-89DC6FE2757F}.Debug|Any CPU.Build.0 = Debug|Any CPU
		{8CC26449-90BC-48A8-BB23-89DC6FE2757F}.Release|Any CPU.ActiveCfg = Release|Any CPU
		{8CC26449-90BC-48A8-BB23-89DC6FE2757F}.Release|Any CPU.Build.0 = Release|Any CPU
		{264A7AA8-3022-4FF4-9CA8-14C4CF8A3702}.Debug|Any CPU.ActiveCfg = Debug|Any CPU
		{264A7AA8-3022-4FF4-9CA8-14C4CF8A3702}.Debug|Any CPU.Build.0 = Debug|Any CPU
		{264A7AA8-3022-4FF4-9CA8-14C4CF8A3702}.Release|Any CPU.ActiveCfg = Release|Any CPU
		{264A7AA8-3022-4FF4-9CA8-14C4CF8A3702}.Release|Any CPU.Build.0 = Release|Any CPU
		{257E8879-6C85-4178-AB4F-6853FE845322}.Debug|Any CPU.ActiveCfg = Debug|Any CPU
		{257E8879-6C85-4178-AB4F-6853FE845322}.Debug|Any CPU.Build.0 = Debug|Any CPU
		{257E8879-6C85-4178-AB4F-6853FE845322}.Release|Any CPU.ActiveCfg = Release|Any CPU
		{257E8879-6C85-4178-AB4F-6853FE845322}.Release|Any CPU.Build.0 = Release|Any CPU
		{8946BFB5-43BC-4440-A833-10D46376D00C}.Debug|Any CPU.ActiveCfg = Debug|Any CPU
		{8946BFB5-43BC-4440-A833-10D46376D00C}.Debug|Any CPU.Build.0 = Debug|Any CPU
		{8946BFB5-43BC-4440-A833-10D46376D00C}.Release|Any CPU.ActiveCfg = Release|Any CPU
		{8946BFB5-43BC-4440-A833-10D46376D00C}.Release|Any CPU.Build.0 = Release|Any CPU
		{95268B50-D722-499F-A91B-E78267825AF1}.Debug|Any CPU.ActiveCfg = Debug|Any CPU
		{95268B50-D722-499F-A91B-E78267825AF1}.Debug|Any CPU.Build.0 = Debug|Any CPU
		{95268B50-D722-499F-A91B-E78267825AF1}.Release|Any CPU.ActiveCfg = Release|Any CPU
		{95268B50-D722-499F-A91B-E78267825AF1}.Release|Any CPU.Build.0 = Release|Any CPU
		{08D5143F-29A9-43D6-B35A-9F3DE0F07B24}.Debug|Any CPU.ActiveCfg = Debug|Any CPU
		{08D5143F-29A9-43D6-B35A-9F3DE0F07B24}.Debug|Any CPU.Build.0 = Debug|Any CPU
		{08D5143F-29A9-43D6-B35A-9F3DE0F07B24}.Release|Any CPU.ActiveCfg = Release|Any CPU
		{08D5143F-29A9-43D6-B35A-9F3DE0F07B24}.Release|Any CPU.Build.0 = Release|Any CPU
	EndGlobalSection
	GlobalSection(SolutionProperties) = preSolution
		HideSolutionNode = FALSE
	EndGlobalSection
	GlobalSection(NestedProjects) = preSolution
		{5EB9636D-2E25-4A41-9CF2-D69F69A403C1} = {4A869EDE-9547-4684-AB3A-52376AB5EB4C}
		{32D3A62B-40CA-4F77-BC88-317B022F1167} = {4A869EDE-9547-4684-AB3A-52376AB5EB4C}
		{D46E2206-D6FD-441C-8BBC-369F139DE410} = {4A869EDE-9547-4684-AB3A-52376AB5EB4C}
		{8E79E4F4-30AC-43C9-ABFF-56691F62190D} = {9C006259-208D-40D9-982B-A3C14491416C}
		{8CC26449-90BC-48A8-BB23-89DC6FE2757F} = {5EB9636D-2E25-4A41-9CF2-D69F69A403C1}
		{264A7AA8-3022-4FF4-9CA8-14C4CF8A3702} = {32D3A62B-40CA-4F77-BC88-317B022F1167}
		{257E8879-6C85-4178-AB4F-6853FE845322} = {D46E2206-D6FD-441C-8BBC-369F139DE410}
		{8946BFB5-43BC-4440-A833-10D46376D00C} = {7188CA78-DAB1-4C43-96EC-73147718A53E}
		{95268B50-D722-499F-A91B-E78267825AF1} = {6C958D6A-6804-4E75-BDEA-31EAE9F13544}
		{08D5143F-29A9-43D6-B35A-9F3DE0F07B24} = {7CE1EB3F-B1A8-4A1D-89B8-1B16C1DA6127}
	EndGlobalSection
EndGlobal
